PODS:
  - connectivity_plus (0.0.1):
    - Flutter
    - FlutterMacOS
    - ReachabilitySwift
  - Flutter (1.0.0)
  - ReachabilitySwift (5.2.1)

DEPENDENCIES:
  - connectivity_plus (from `.symlinks/plugins/connectivity_plus/darwin`)
  - Flutter (from `Flutter`)

SPEC REPOS:
  trunk:
    - ReachabilitySwift

EXTERNAL SOURCES:
  connectivity_plus:
    :path: ".symlinks/plugins/connectivity_plus/darwin"
  Flutter:
    :path: Flutter

SPEC CHECKSUMS:
  connectivity_plus: e2dad488011aeb593e219360e804c43cc1af5770
  Flutter: e0871f40cf51350855a761d2e70bf5af5b9b5de7
  ReachabilitySwift: 5ae15e16814b5f9ef568963fb2c87aeb49158c66

PODFILE CHECKSUM: 819463e6a0290f5a72f145ba7cde16e8b6ef0796

COCOAPODS: 1.15.0
