PODS:
  - connectivity_plus (0.0.1):
    - Flutter
    - FlutterMacOS
    - ReachabilitySwift
  - FlutterMacOS (1.0.0)
  - ReachabilitySwift (5.2.1)

DEPENDENCIES:
  - connectivity_plus (from `Flutter/ephemeral/.symlinks/plugins/connectivity_plus/darwin`)
  - FlutterMacOS (from `Flutter/ephemeral`)

SPEC REPOS:
  trunk:
    - ReachabilitySwift

EXTERNAL SOURCES:
  connectivity_plus:
    :path: Flutter/ephemeral/.symlinks/plugins/connectivity_plus/darwin
  FlutterMacOS:
    :path: Flutter/ephemeral

SPEC CHECKSUMS:
  connectivity_plus: e2dad488011aeb593e219360e804c43cc1af5770
  FlutterMacOS: 8f6f14fa908a6fb3fba0cd85dbd81ec4b251fb24
  ReachabilitySwift: 5ae15e16814b5f9ef568963fb2c87aeb49158c66

PODFILE CHECKSUM: 236401fc2c932af29a9fcf0e97baeeb2d750d367

COCOAPODS: 1.15.0
